
Microsoft Visual Studio Solution File, Format Version 12.00
# Visual Studio 2012
VisualStudioVersion = 12.0.40629.0
MinimumVisualStudioVersion = 10.0.40219.1
Project("{FAE04EC0-301F-11D3-BF4B-00C04F79EFBC}") = "Lev.Portable", "Lev.Portable\Lev.Portable.csproj", "{D841BC01-B7DE-40C2-9886-781B1C4E8D48}"
EndProject
Project("{FAE04EC0-301F-11D3-BF4B-00C04F79EFBC}") = "Lev.iOS", "Lev.iOS\Lev.iOS.csproj", "{3585AC79-E902-4533-9D5B-187274666906}"
EndProject
Project("{FAE04EC0-301F-11D3-BF4B-00C04F79EFBC}") = "Lev.Droid", "Lev.Droid\Lev.Droid.csproj", "{9D008EC3-AFEB-49FA-AD6C-80EE4C6BF200}"
EndProject
Project("{FAE04EC0-301F-11D3-BF4B-00C04F79EFBC}") = "Lev.Forms", "Lev.Forms\Lev.Forms\Lev.Forms.csproj", "{F9D09CAC-8EC5-4B3A-9C2E-E7E733225F55}"
EndProject
Project("{FAE04EC0-301F-11D3-BF4B-00C04F79EFBC}") = "Lev.Forms.iOS", "Lev.Forms\Lev.Forms.iOS\Lev.Forms.iOS.csproj", "{8985DFD2-578B-4A63-88CE-B2E86F5BA22E}"
EndProject
Project("{FAE04EC0-301F-11D3-BF4B-00C04F79EFBC}") = "Lev.Forms.Droid", "Lev.Forms\Lev.Forms.Droid\Lev.Forms.Droid.csproj", "{8D4FFF4F-B005-4490-BCFC-7C8F2D97897C}"
EndProject
Project("{FAE04EC0-301F-11D3-BF4B-00C04F79EFBC}") = "Lev.Forms.WinPhone", "Lev.Forms\Lev.Forms.WinPhone\Lev.Forms.WinPhone.csproj", "{4CD78B57-6188-4C4E-8886-1B120591149B}"
EndProject
Global
	GlobalSection(SolutionConfigurationPlatforms) = preSolution
		Ad-Hoc|Any CPU = Ad-Hoc|Any CPU
		Ad-Hoc|ARM = Ad-Hoc|ARM
		Ad-Hoc|iPhone = Ad-Hoc|iPhone
		Ad-Hoc|iPhoneSimulator = Ad-Hoc|iPhoneSimulator
		Ad-Hoc|Mixed Platforms = Ad-Hoc|Mixed Platforms
		Ad-Hoc|x86 = Ad-Hoc|x86
		AppStore|Any CPU = AppStore|Any CPU
		AppStore|ARM = AppStore|ARM
		AppStore|iPhone = AppStore|iPhone
		AppStore|iPhoneSimulator = AppStore|iPhoneSimulator
		AppStore|Mixed Platforms = AppStore|Mixed Platforms
		AppStore|x86 = AppStore|x86
		Debug|Any CPU = Debug|Any CPU
		Debug|ARM = Debug|ARM
		Debug|iPhone = Debug|iPhone
		Debug|iPhoneSimulator = Debug|iPhoneSimulator
		Debug|Mixed Platforms = Debug|Mixed Platforms
		Debug|x86 = Debug|x86
		Release|Any CPU = Release|Any CPU
		Release|ARM = Release|ARM
		Release|iPhone = Release|iPhone
		Release|iPhoneSimulator = Release|iPhoneSimulator
		Release|Mixed Platforms = Release|Mixed Platforms
		Release|x86 = Release|x86
	EndGlobalSection
	GlobalSection(ProjectConfigurationPlatforms) = postSolution
		{3585AC79-E902-4533-9D5B-187274666906}.Ad-Hoc|Any CPU.ActiveCfg = Ad-Hoc|iPhone
		{3585AC79-E902-4533-9D5B-187274666906}.Ad-Hoc|ARM.ActiveCfg = Ad-Hoc|iPhone
		{3585AC79-E902-4533-9D5B-187274666906}.Ad-Hoc|iPhone.ActiveCfg = Ad-Hoc|iPhone
		{3585AC79-E902-4533-9D5B-187274666906}.Ad-Hoc|iPhone.Build.0 = Ad-Hoc|iPhone
		{3585AC79-E902-4533-9D5B-187274666906}.Ad-Hoc|iPhoneSimulator.ActiveCfg = Ad-Hoc|iPhoneSimulator
		{3585AC79-E902-4533-9D5B-187274666906}.Ad-Hoc|iPhoneSimulator.Build.0 = Ad-Hoc|iPhoneSimulator
		{3585AC79-E902-4533-9D5B-187274666906}.Ad-Hoc|Mixed Platforms.ActiveCfg = Ad-Hoc|iPhone
		{3585AC79-E902-4533-9D5B-187274666906}.Ad-Hoc|Mixed Platforms.Build.0 = Ad-Hoc|iPhone
		{3585AC79-E902-4533-9D5B-187274666906}.Ad-Hoc|x86.ActiveCfg = Ad-Hoc|iPhone
		{3585AC79-E902-4533-9D5B-187274666906}.AppStore|Any CPU.ActiveCfg = AppStore|iPhone
		{3585AC79-E902-4533-9D5B-187274666906}.AppStore|ARM.ActiveCfg = AppStore|iPhone
		{3585AC79-E902-4533-9D5B-187274666906}.AppStore|iPhone.ActiveCfg = AppStore|iPhone
		{3585AC79-E902-4533-9D5B-187274666906}.AppStore|iPhone.Build.0 = AppStore|iPhone
		{3585AC79-E902-4533-9D5B-187274666906}.AppStore|iPhoneSimulator.ActiveCfg = AppStore|iPhoneSimulator
		{3585AC79-E902-4533-9D5B-187274666906}.AppStore|iPhoneSimulator.Build.0 = AppStore|iPhoneSimulator
		{3585AC79-E902-4533-9D5B-187274666906}.AppStore|Mixed Platforms.ActiveCfg = AppStore|iPhone
		{3585AC79-E902-4533-9D5B-187274666906}.AppStore|Mixed Platforms.Build.0 = AppStore|iPhone
		{3585AC79-E902-4533-9D5B-187274666906}.AppStore|x86.ActiveCfg = AppStore|iPhone
		{3585AC79-E902-4533-9D5B-187274666906}.Debug|Any CPU.ActiveCfg = Debug|iPhone
		{3585AC79-E902-4533-9D5B-187274666906}.Debug|ARM.ActiveCfg = Debug|iPhone
		{3585AC79-E902-4533-9D5B-187274666906}.Debug|iPhone.ActiveCfg = Debug|iPhone
		{3585AC79-E902-4533-9D5B-187274666906}.Debug|iPhone.Build.0 = Debug|iPhone
		{3585AC79-E902-4533-9D5B-187274666906}.Debug|iPhoneSimulator.ActiveCfg = Debug|iPhoneSimulator
		{3585AC79-E902-4533-9D5B-187274666906}.Debug|iPhoneSimulator.Build.0 = Debug|iPhoneSimulator
		{3585AC79-E902-4533-9D5B-187274666906}.Debug|Mixed Platforms.ActiveCfg = Debug|iPhone
		{3585AC79-E902-4533-9D5B-187274666906}.Debug|Mixed Platforms.Build.0 = Debug|iPhone
		{3585AC79-E902-4533-9D5B-187274666906}.Debug|x86.ActiveCfg = Debug|iPhone
		{3585AC79-E902-4533-9D5B-187274666906}.Release|Any CPU.ActiveCfg = Release|iPhone
		{3585AC79-E902-4533-9D5B-187274666906}.Release|ARM.ActiveCfg = Release|iPhone
		{3585AC79-E902-4533-9D5B-187274666906}.Release|iPhone.ActiveCfg = Release|iPhone
		{3585AC79-E902-4533-9D5B-187274666906}.Release|iPhone.Build.0 = Release|iPhone
		{3585AC79-E902-4533-9D5B-187274666906}.Release|iPhoneSimulator.ActiveCfg = Release|iPhoneSimulator
		{3585AC79-E902-4533-9D5B-187274666906}.Release|iPhoneSimulator.Build.0 = Release|iPhoneSimulator
		{3585AC79-E902-4533-9D5B-187274666906}.Release|Mixed Platforms.ActiveCfg = Release|iPhone
		{3585AC79-E902-4533-9D5B-187274666906}.Release|Mixed Platforms.Build.0 = Release|iPhone
		{3585AC79-E902-4533-9D5B-187274666906}.Release|x86.ActiveCfg = Release|iPhone
		{4CD78B57-6188-4C4E-8886-1B120591149B}.Ad-Hoc|Any CPU.ActiveCfg = Release|Any CPU
		{4CD78B57-6188-4C4E-8886-1B120591149B}.Ad-Hoc|Any CPU.Build.0 = Release|Any CPU
		{4CD78B57-6188-4C4E-8886-1B120591149B}.Ad-Hoc|Any CPU.Deploy.0 = Release|Any CPU
		{4CD78B57-6188-4C4E-8886-1B120591149B}.Ad-Hoc|ARM.ActiveCfg = Release|ARM
		{4CD78B57-6188-4C4E-8886-1B120591149B}.Ad-Hoc|ARM.Build.0 = Release|ARM
		{4CD78B57-6188-4C4E-8886-1B120591149B}.Ad-Hoc|ARM.Deploy.0 = Release|ARM
		{4CD78B57-6188-4C4E-8886-1B120591149B}.Ad-Hoc|iPhone.ActiveCfg = Release|Any CPU
		{4CD78B57-6188-4C4E-8886-1B120591149B}.Ad-Hoc|iPhoneSimulator.ActiveCfg = Release|Any CPU
		{4CD78B57-6188-4C4E-8886-1B120591149B}.Ad-Hoc|Mixed Platforms.ActiveCfg = Release|x86
		{4CD78B57-6188-4C4E-8886-1B120591149B}.Ad-Hoc|Mixed Platforms.Build.0 = Release|x86
		{4CD78B57-6188-4C4E-8886-1B120591149B}.Ad-Hoc|Mixed Platforms.Deploy.0 = Release|x86
		{4CD78B57-6188-4C4E-8886-1B120591149B}.Ad-Hoc|x86.ActiveCfg = Release|x86
		{4CD78B57-6188-4C4E-8886-1B120591149B}.Ad-Hoc|x86.Build.0 = Release|x86
		{4CD78B57-6188-4C4E-8886-1B120591149B}.Ad-Hoc|x86.Deploy.0 = Release|x86
		{4CD78B57-6188-4C4E-8886-1B120591149B}.AppStore|Any CPU.ActiveCfg = Release|Any CPU
		{4CD78B57-6188-4C4E-8886-1B120591149B}.AppStore|Any CPU.Build.0 = Release|Any CPU
		{4CD78B57-6188-4C4E-8886-1B120591149B}.AppStore|Any CPU.Deploy.0 = Release|Any CPU
		{4CD78B57-6188-4C4E-8886-1B120591149B}.AppStore|ARM.ActiveCfg = Release|ARM
		{4CD78B57-6188-4C4E-8886-1B120591149B}.AppStore|ARM.Build.0 = Release|ARM
		{4CD78B57-6188-4C4E-8886-1B120591149B}.AppStore|ARM.Deploy.0 = Release|ARM
		{4CD78B57-6188-4C4E-8886-1B120591149B}.AppStore|iPhone.ActiveCfg = Release|Any CPU
		{4CD78B57-6188-4C4E-8886-1B120591149B}.AppStore|iPhoneSimulator.ActiveCfg = Release|Any CPU
		{4CD78B57-6188-4C4E-8886-1B120591149B}.AppStore|Mixed Platforms.ActiveCfg = Release|x86
		{4CD78B57-6188-4C4E-8886-1B120591149B}.AppStore|Mixed Platforms.Build.0 = Release|x86
		{4CD78B57-6188-4C4E-8886-1B120591149B}.AppStore|Mixed Platforms.Deploy.0 = Release|x86
		{4CD78B57-6188-4C4E-8886-1B120591149B}.AppStore|x86.ActiveCfg = Release|x86
		{4CD78B57-6188-4C4E-8886-1B120591149B}.AppStore|x86.Build.0 = Release|x86
		{4CD78B57-6188-4C4E-8886-1B120591149B}.AppStore|x86.Deploy.0 = Release|x86
		{4CD78B57-6188-4C4E-8886-1B120591149B}.Debug|Any CPU.ActiveCfg = Debug|Any CPU
		{4CD78B57-6188-4C4E-8886-1B120591149B}.Debug|Any CPU.Build.0 = Debug|Any CPU
		{4CD78B57-6188-4C4E-8886-1B120591149B}.Debug|Any CPU.Deploy.0 = Debug|Any CPU
		{4CD78B57-6188-4C4E-8886-1B120591149B}.Debug|ARM.ActiveCfg = Debug|ARM
		{4CD78B57-6188-4C4E-8886-1B120591149B}.Debug|ARM.Build.0 = Debug|ARM
		{4CD78B57-6188-4C4E-8886-1B120591149B}.Debug|ARM.Deploy.0 = Debug|ARM
		{4CD78B57-6188-4C4E-8886-1B120591149B}.Debug|iPhone.ActiveCfg = Debug|Any CPU
		{4CD78B57-6188-4C4E-8886-1B120591149B}.Debug|iPhoneSimulator.ActiveCfg = Debug|Any CPU
		{4CD78B57-6188-4C4E-8886-1B120591149B}.Debug|Mixed Platforms.ActiveCfg = Debug|x86
		{4CD78B57-6188-4C4E-8886-1B120591149B}.Debug|Mixed Platforms.Build.0 = Debug|x86
		{4CD78B57-6188-4C4E-8886-1B120591149B}.Debug|Mixed Platforms.Deploy.0 = Debug|x86
		{4CD78B57-6188-4C4E-8886-1B120591149B}.Debug|x86.ActiveCfg = Debug|x86
		{4CD78B57-6188-4C4E-8886-1B120591149B}.Debug|x86.Build.0 = Debug|x86
		{4CD78B57-6188-4C4E-8886-1B120591149B}.Debug|x86.Deploy.0 = Debug|x86
		{4CD78B57-6188-4C4E-8886-1B120591149B}.Release|Any CPU.ActiveCfg = Release|Any CPU
		{4CD78B57-6188-4C4E-8886-1B120591149B}.Release|Any CPU.Build.0 = Release|Any CPU
		{4CD78B57-6188-4C4E-8886-1B120591149B}.Release|Any CPU.Deploy.0 = Release|Any CPU
		{4CD78B57-6188-4C4E-8886-1B120591149B}.Release|ARM.ActiveCfg = Release|ARM
		{4CD78B57-6188-4C4E-8886-1B120591149B}.Release|ARM.Build.0 = Release|ARM
		{4CD78B57-6188-4C4E-8886-1B120591149B}.Release|ARM.Deploy.0 = Release|ARM
		{4CD78B57-6188-4C4E-8886-1B120591149B}.Release|iPhone.ActiveCfg = Release|Any CPU
		{4CD78B57-6188-4C4E-8886-1B120591149B}.Release|iPhoneSimulator.ActiveCfg = Release|Any CPU
		{4CD78B57-6188-4C4E-8886-1B120591149B}.Release|Mixed Platforms.ActiveCfg = Release|x86
		{4CD78B57-6188-4C4E-8886-1B120591149B}.Release|Mixed Platforms.Build.0 = Release|x86
		{4CD78B57-6188-4C4E-8886-1B120591149B}.Release|Mixed Platforms.Deploy.0 = Release|x86
		{4CD78B57-6188-4C4E-8886-1B120591149B}.Release|x86.ActiveCfg = Release|x86
		{4CD78B57-6188-4C4E-8886-1B120591149B}.Release|x86.Build.0 = Release|x86
		{4CD78B57-6188-4C4E-8886-1B120591149B}.Release|x86.Deploy.0 = Release|x86
		{8985DFD2-578B-4A63-88CE-B2E86F5BA22E}.Ad-Hoc|Any CPU.ActiveCfg = Ad-Hoc|iPhone
		{8985DFD2-578B-4A63-88CE-B2E86F5BA22E}.Ad-Hoc|ARM.ActiveCfg = Ad-Hoc|iPhone
		{8985DFD2-578B-4A63-88CE-B2E86F5BA22E}.Ad-Hoc|iPhone.ActiveCfg = Ad-Hoc|iPhone
		{8985DFD2-578B-4A63-88CE-B2E86F5BA22E}.Ad-Hoc|iPhone.Build.0 = Ad-Hoc|iPhone
		{8985DFD2-578B-4A63-88CE-B2E86F5BA22E}.Ad-Hoc|iPhoneSimulator.ActiveCfg = Ad-Hoc|iPhoneSimulator
		{8985DFD2-578B-4A63-88CE-B2E86F5BA22E}.Ad-Hoc|iPhoneSimulator.Build.0 = Ad-Hoc|iPhoneSimulator
		{8985DFD2-578B-4A63-88CE-B2E86F5BA22E}.Ad-Hoc|Mixed Platforms.ActiveCfg = Ad-Hoc|iPhone
		{8985DFD2-578B-4A63-88CE-B2E86F5BA22E}.Ad-Hoc|Mixed Platforms.Build.0 = Ad-Hoc|iPhone
		{8985DFD2-578B-4A63-88CE-B2E86F5BA22E}.Ad-Hoc|x86.ActiveCfg = Ad-Hoc|iPhone
		{8985DFD2-578B-4A63-88CE-B2E86F5BA22E}.AppStore|Any CPU.ActiveCfg = AppStore|iPhone
		{8985DFD2-578B-4A63-88CE-B2E86F5BA22E}.AppStore|ARM.ActiveCfg = AppStore|iPhone
		{8985DFD2-578B-4A63-88CE-B2E86F5BA22E}.AppStore|iPhone.ActiveCfg = AppStore|iPhone
		{8985DFD2-578B-4A63-88CE-B2E86F5BA22E}.AppStore|iPhone.Build.0 = AppStore|iPhone
		{8985DFD2-578B-4A63-88CE-B2E86F5BA22E}.AppStore|iPhoneSimulator.ActiveCfg = AppStore|iPhoneSimulator
		{8985DFD2-578B-4A63-88CE-B2E86F5BA22E}.AppStore|iPhoneSimulator.Build.0 = AppStore|iPhoneSimulator
		{8985DFD2-578B-4A63-88CE-B2E86F5BA22E}.AppStore|Mixed Platforms.ActiveCfg = AppStore|iPhone
		{8985DFD2-578B-4A63-88CE-B2E86F5BA22E}.AppStore|Mixed Platforms.Build.0 = AppStore|iPhone
		{8985DFD2-578B-4A63-88CE-B2E86F5BA22E}.AppStore|x86.ActiveCfg = AppStore|iPhone
		{8985DFD2-578B-4A63-88CE-B2E86F5BA22E}.Debug|Any CPU.ActiveCfg = Debug|iPhone
		{8985DFD2-578B-4A63-88CE-B2E86F5BA22E}.Debug|ARM.ActiveCfg = Debug|iPhone
		{8985DFD2-578B-4A63-88CE-B2E86F5BA22E}.Debug|iPhone.ActiveCfg = Debug|iPhone
		{8985DFD2-578B-4A63-88CE-B2E86F5BA22E}.Debug|iPhone.Build.0 = Debug|iPhone
		{8985DFD2-578B-4A63-88CE-B2E86F5BA22E}.Debug|iPhoneSimulator.ActiveCfg = Debug|iPhoneSimulator
		{8985DFD2-578B-4A63-88CE-B2E86F5BA22E}.Debug|iPhoneSimulator.Build.0 = Debug|iPhoneSimulator
		{8985DFD2-578B-4A63-88CE-B2E86F5BA22E}.Debug|Mixed Platforms.ActiveCfg = Debug|iPhone
		{8985DFD2-578B-4A63-88CE-B2E86F5BA22E}.Debug|Mixed Platforms.Build.0 = Debug|iPhone
		{8985DFD2-578B-4A63-88CE-B2E86F5BA22E}.Debug|x86.ActiveCfg = Debug|iPhone
		{8985DFD2-578B-4A63-88CE-B2E86F5BA22E}.Release|Any CPU.ActiveCfg = Release|iPhone
		{8985DFD2-578B-4A63-88CE-B2E86F5BA22E}.Release|ARM.ActiveCfg = Release|iPhone
		{8985DFD2-578B-4A63-88CE-B2E86F5BA22E}.Release|iPhone.ActiveCfg = Release|iPhone
		{8985DFD2-578B-4A63-88CE-B2E86F5BA22E}.Release|iPhone.Build.0 = Release|iPhone
		{8985DFD2-578B-4A63-88CE-B2E86F5BA22E}.Release|iPhoneSimulator.ActiveCfg = Release|iPhoneSimulator
		{8985DFD2-578B-4A63-88CE-B2E86F5BA22E}.Release|iPhoneSimulator.Build.0 = Release|iPhoneSimulator
		{8985DFD2-578B-4A63-88CE-B2E86F5BA22E}.Release|Mixed Platforms.ActiveCfg = Release|iPhone
		{8985DFD2-578B-4A63-88CE-B2E86F5BA22E}.Release|Mixed Platforms.Build.0 = Release|iPhone
		{8985DFD2-578B-4A63-88CE-B2E86F5BA22E}.Release|x86.ActiveCfg = Release|iPhone
		{8D4FFF4F-B005-4490-BCFC-7C8F2D97897C}.Ad-Hoc|Any CPU.ActiveCfg = Release|Any CPU
		{8D4FFF4F-B005-4490-BCFC-7C8F2D97897C}.Ad-Hoc|Any CPU.Build.0 = Release|Any CPU
		{8D4FFF4F-B005-4490-BCFC-7C8F2D97897C}.Ad-Hoc|Any CPU.Deploy.0 = Release|Any CPU
		{8D4FFF4F-B005-4490-BCFC-7C8F2D97897C}.Ad-Hoc|ARM.ActiveCfg = Release|Any CPU
		{8D4FFF4F-B005-4490-BCFC-7C8F2D97897C}.Ad-Hoc|iPhone.ActiveCfg = Release|Any CPU
		{8D4FFF4F-B005-4490-BCFC-7C8F2D97897C}.Ad-Hoc|iPhoneSimulator.ActiveCfg = Release|Any CPU
		{8D4FFF4F-B005-4490-BCFC-7C8F2D97897C}.Ad-Hoc|Mixed Platforms.ActiveCfg = Release|Any CPU
		{8D4FFF4F-B005-4490-BCFC-7C8F2D97897C}.Ad-Hoc|Mixed Platforms.Build.0 = Release|Any CPU
		{8D4FFF4F-B005-4490-BCFC-7C8F2D97897C}.Ad-Hoc|Mixed Platforms.Deploy.0 = Release|Any CPU
		{8D4FFF4F-B005-4490-BCFC-7C8F2D97897C}.Ad-Hoc|x86.ActiveCfg = Release|Any CPU
		{8D4FFF4F-B005-4490-BCFC-7C8F2D97897C}.AppStore|Any CPU.ActiveCfg = Release|Any CPU
		{8D4FFF4F-B005-4490-BCFC-7C8F2D97897C}.AppStore|Any CPU.Build.0 = Release|Any CPU
		{8D4FFF4F-B005-4490-BCFC-7C8F2D97897C}.AppStore|Any CPU.Deploy.0 = Release|Any CPU
		{8D4FFF4F-B005-4490-BCFC-7C8F2D97897C}.AppStore|ARM.ActiveCfg = Release|Any CPU
		{8D4FFF4F-B005-4490-BCFC-7C8F2D97897C}.AppStore|iPhone.ActiveCfg = Release|Any CPU
		{8D4FFF4F-B005-4490-BCFC-7C8F2D97897C}.AppStore|iPhoneSimulator.ActiveCfg = Release|Any CPU
		{8D4FFF4F-B005-4490-BCFC-7C8F2D97897C}.AppStore|Mixed Platforms.ActiveCfg = Release|Any CPU
		{8D4FFF4F-B005-4490-BCFC-7C8F2D97897C}.AppStore|Mixed Platforms.Build.0 = Release|Any CPU
		{8D4FFF4F-B005-4490-BCFC-7C8F2D97897C}.AppStore|Mixed Platforms.Deploy.0 = Release|Any CPU
		{8D4FFF4F-B005-4490-BCFC-7C8F2D97897C}.AppStore|x86.ActiveCfg = Release|Any CPU
		{8D4FFF4F-B005-4490-BCFC-7C8F2D97897C}.Debug|Any CPU.ActiveCfg = Debug|Any CPU
		{8D4FFF4F-B005-4490-BCFC-7C8F2D97897C}.Debug|Any CPU.Build.0 = Debug|Any CPU
		{8D4FFF4F-B005-4490-BCFC-7C8F2D97897C}.Debug|Any CPU.Deploy.0 = Debug|Any CPU
		{8D4FFF4F-B005-4490-BCFC-7C8F2D97897C}.Debug|ARM.ActiveCfg = Debug|Any CPU
		{8D4FFF4F-B005-4490-BCFC-7C8F2D97897C}.Debug|iPhone.ActiveCfg = Debug|Any CPU
		{8D4FFF4F-B005-4490-BCFC-7C8F2D97897C}.Debug|iPhoneSimulator.ActiveCfg = Debug|Any CPU
		{8D4FFF4F-B005-4490-BCFC-7C8F2D97897C}.Debug|Mixed Platforms.ActiveCfg = Debug|Any CPU
		{8D4FFF4F-B005-4490-BCFC-7C8F2D97897C}.Debug|Mixed Platforms.Build.0 = Debug|Any CPU
		{8D4FFF4F-B005-4490-BCFC-7C8F2D97897C}.Debug|Mixed Platforms.Deploy.0 = Debug|Any CPU
		{8D4FFF4F-B005-4490-BCFC-7C8F2D97897C}.Debug|x86.ActiveCfg = Debug|Any CPU
		{8D4FFF4F-B005-4490-BCFC-7C8F2D97897C}.Release|Any CPU.ActiveCfg = Release|Any CPU
		{8D4FFF4F-B005-4490-BCFC-7C8F2D97897C}.Release|Any CPU.Build.0 = Release|Any CPU
		{8D4FFF4F-B005-4490-BCFC-7C8F2D97897C}.Release|Any CPU.Deploy.0 = Release|Any CPU
		{8D4FFF4F-B005-4490-BCFC-7C8F2D97897C}.Release|ARM.ActiveCfg = Release|Any CPU
		{8D4FFF4F-B005-4490-BCFC-7C8F2D97897C}.Release|iPhone.ActiveCfg = Release|Any CPU
		{8D4FFF4F-B005-4490-BCFC-7C8F2D97897C}.Release|iPhoneSimulator.ActiveCfg = Release|Any CPU
		{8D4FFF4F-B005-4490-BCFC-7C8F2D97897C}.Release|Mixed Platforms.ActiveCfg = Release|Any CPU
		{8D4FFF4F-B005-4490-BCFC-7C8F2D97897C}.Release|Mixed Platforms.Build.0 = Release|Any CPU
		{8D4FFF4F-B005-4490-BCFC-7C8F2D97897C}.Release|Mixed Platforms.Deploy.0 = Release|Any CPU
		{8D4FFF4F-B005-4490-BCFC-7C8F2D97897C}.Release|x86.ActiveCfg = Release|Any CPU
		{9D008EC3-AFEB-49FA-AD6C-80EE4C6BF200}.Ad-Hoc|Any CPU.ActiveCfg = Release|Any CPU
		{9D008EC3-AFEB-49FA-AD6C-80EE4C6BF200}.Ad-Hoc|Any CPU.Build.0 = Release|Any CPU
		{9D008EC3-AFEB-49FA-AD6C-80EE4C6BF200}.Ad-Hoc|Any CPU.Deploy.0 = Release|Any CPU
		{9D008EC3-AFEB-49FA-AD6C-80EE4C6BF200}.Ad-Hoc|ARM.ActiveCfg = Release|Any CPU
		{9D008EC3-AFEB-49FA-AD6C-80EE4C6BF200}.Ad-Hoc|iPhone.ActiveCfg = Release|Any CPU
		{9D008EC3-AFEB-49FA-AD6C-80EE4C6BF200}.Ad-Hoc|iPhoneSimulator.ActiveCfg = Release|Any CPU
		{9D008EC3-AFEB-49FA-AD6C-80EE4C6BF200}.Ad-Hoc|Mixed Platforms.ActiveCfg = Release|Any CPU
		{9D008EC3-AFEB-49FA-AD6C-80EE4C6BF200}.Ad-Hoc|Mixed Platforms.Build.0 = Release|Any CPU
		{9D008EC3-AFEB-49FA-AD6C-80EE4C6BF200}.Ad-Hoc|Mixed Platforms.Deploy.0 = Release|Any CPU
		{9D008EC3-AFEB-49FA-AD6C-80EE4C6BF200}.Ad-Hoc|x86.ActiveCfg = Release|Any CPU
		{9D008EC3-AFEB-49FA-AD6C-80EE4C6BF200}.AppStore|Any CPU.ActiveCfg = Release|Any CPU
		{9D008EC3-AFEB-49FA-AD6C-80EE4C6BF200}.AppStore|Any CPU.Build.0 = Release|Any CPU
		{9D008EC3-AFEB-49FA-AD6C-80EE4C6BF200}.AppStore|Any CPU.Deploy.0 = Release|Any CPU
		{9D008EC3-AFEB-49FA-AD6C-80EE4C6BF200}.AppStore|ARM.ActiveCfg = Release|Any CPU
		{9D008EC3-AFEB-49FA-AD6C-80EE4C6BF200}.AppStore|iPhone.ActiveCfg = Release|Any CPU
		{9D008EC3-AFEB-49FA-AD6C-80EE4C6BF200}.AppStore|iPhoneSimulator.ActiveCfg = Release|Any CPU
		{9D008EC3-AFEB-49FA-AD6C-80EE4C6BF200}.AppStore|Mixed Platforms.ActiveCfg = Release|Any CPU
		{9D008EC3-AFEB-49FA-AD6C-80EE4C6BF200}.AppStore|Mixed Platforms.Build.0 = Release|Any CPU
		{9D008EC3-AFEB-49FA-AD6C-80EE4C6BF200}.AppStore|Mixed Platforms.Deploy.0 = Release|Any CPU
		{9D008EC3-AFEB-49FA-AD6C-80EE4C6BF200}.AppStore|x86.ActiveCfg = Release|Any CPU
		{9D008EC3-AFEB-49FA-AD6C-80EE4C6BF200}.Debug|Any CPU.ActiveCfg = Debug|Any CPU
		{9D008EC3-AFEB-49FA-AD6C-80EE4C6BF200}.Debug|Any CPU.Build.0 = Debug|Any CPU
		{9D008EC3-AFEB-49FA-AD6C-80EE4C6BF200}.Debug|Any CPU.Deploy.0 = Debug|Any CPU
		{9D008EC3-AFEB-49FA-AD6C-80EE4C6BF200}.Debug|ARM.ActiveCfg = Debug|Any CPU
		{9D008EC3-AFEB-49FA-AD6C-80EE4C6BF200}.Debug|iPhone.ActiveCfg = Debug|Any CPU
		{9D008EC3-AFEB-49FA-AD6C-80EE4C6BF200}.Debug|iPhoneSimulator.ActiveCfg = Debug|Any CPU
		{9D008EC3-AFEB-49FA-AD6C-80EE4C6BF200}.Debug|Mixed Platforms.ActiveCfg = Debug|Any CPU
		{9D008EC3-AFEB-49FA-AD6C-80EE4C6BF200}.Debug|Mixed Platforms.Build.0 = Debug|Any CPU
		{9D008EC3-AFEB-49FA-AD6C-80EE4C6BF200}.Debug|Mixed Platforms.Deploy.0 = Debug|Any CPU
		{9D008EC3-AFEB-49FA-AD6C-80EE4C6BF200}.Debug|x86.ActiveCfg = Debug|Any CPU
		{9D008EC3-AFEB-49FA-AD6C-80EE4C6BF200}.Release|Any CPU.ActiveCfg = Release|Any CPU
		{9D008EC3-AFEB-49FA-AD6C-80EE4C6BF200}.Release|Any CPU.Build.0 = Release|Any CPU
		{9D008EC3-AFEB-49FA-AD6C-80EE4C6BF200}.Release|Any CPU.Deploy.0 = Release|Any CPU
		{9D008EC3-AFEB-49FA-AD6C-80EE4C6BF200}.Release|ARM.ActiveCfg = Release|Any CPU
		{9D008EC3-AFEB-49FA-AD6C-80EE4C6BF200}.Release|iPhone.ActiveCfg = Release|Any CPU
		{9D008EC3-AFEB-49FA-AD6C-80EE4C6BF200}.Release|iPhoneSimulator.ActiveCfg = Release|Any CPU
		{9D008EC3-AFEB-49FA-AD6C-80EE4C6BF200}.Release|Mixed Platforms.ActiveCfg = Release|Any CPU
		{9D008EC3-AFEB-49FA-AD6C-80EE4C6BF200}.Release|Mixed Platforms.Build.0 = Release|Any CPU
		{9D008EC3-AFEB-49FA-AD6C-80EE4C6BF200}.Release|Mixed Platforms.Deploy.0 = Release|Any CPU
		{9D008EC3-AFEB-49FA-AD6C-80EE4C6BF200}.Release|x86.ActiveCfg = Release|Any CPU
		{D841BC01-B7DE-40C2-9886-781B1C4E8D48}.Ad-Hoc|Any CPU.ActiveCfg = Release|Any CPU
		{D841BC01-B7DE-40C2-9886-781B1C4E8D48}.Ad-Hoc|Any CPU.Build.0 = Release|Any CPU
		{D841BC01-B7DE-40C2-9886-781B1C4E8D48}.Ad-Hoc|ARM.ActiveCfg = Release|Any CPU
		{D841BC01-B7DE-40C2-9886-781B1C4E8D48}.Ad-Hoc|iPhone.ActiveCfg = Release|Any CPU
		{D841BC01-B7DE-40C2-9886-781B1C4E8D48}.Ad-Hoc|iPhoneSimulator.ActiveCfg = Release|Any CPU
		{D841BC01-B7DE-40C2-9886-781B1C4E8D48}.Ad-Hoc|Mixed Platforms.ActiveCfg = Release|Any CPU
		{D841BC01-B7DE-40C2-9886-781B1C4E8D48}.Ad-Hoc|Mixed Platforms.Build.0 = Release|Any CPU
		{D841BC01-B7DE-40C2-9886-781B1C4E8D48}.Ad-Hoc|x86.ActiveCfg = Release|Any CPU
		{D841BC01-B7DE-40C2-9886-781B1C4E8D48}.AppStore|Any CPU.ActiveCfg = Release|Any CPU
		{D841BC01-B7DE-40C2-9886-781B1C4E8D48}.AppStore|Any CPU.Build.0 = Release|Any CPU
		{D841BC01-B7DE-40C2-9886-781B1C4E8D48}.AppStore|ARM.ActiveCfg = Release|Any CPU
		{D841BC01-B7DE-40C2-9886-781B1C4E8D48}.AppStore|iPhone.ActiveCfg = Release|Any CPU
		{D841BC01-B7DE-40C2-9886-781B1C4E8D48}.AppStore|iPhoneSimulator.ActiveCfg = Release|Any CPU
		{D841BC01-B7DE-40C2-9886-781B1C4E8D48}.AppStore|Mixed Platforms.ActiveCfg = Release|Any CPU
		{D841BC01-B7DE-40C2-9886-781B1C4E8D48}.AppStore|Mixed Platforms.Build.0 = Release|Any CPU
		{D841BC01-B7DE-40C2-9886-781B1C4E8D48}.AppStore|x86.ActiveCfg = Release|Any CPU
		{D841BC01-B7DE-40C2-9886-781B1C4E8D48}.Debug|Any CPU.ActiveCfg = Debug|Any CPU
		{D841BC01-B7DE-40C2-9886-781B1C4E8D48}.Debug|Any CPU.Build.0 = Debug|Any CPU
		{D841BC01-B7DE-40C2-9886-781B1C4E8D48}.Debug|ARM.ActiveCfg = Debug|Any CPU
		{D841BC01-B7DE-40C2-9886-781B1C4E8D48}.Debug|iPhone.ActiveCfg = Debug|Any CPU
		{D841BC01-B7DE-40C2-9886-781B1C4E8D48}.Debug|iPhoneSimulator.ActiveCfg = Debug|Any CPU
		{D841BC01-B7DE-40C2-9886-781B1C4E8D48}.Debug|Mixed Platforms.ActiveCfg = Debug|Any CPU
		{D841BC01-B7DE-40C2-9886-781B1C4E8D48}.Debug|Mixed Platforms.Build.0 = Debug|Any CPU
		{D841BC01-B7DE-40C2-9886-781B1C4E8D48}.Debug|x86.ActiveCfg = Debug|Any CPU
		{D841BC01-B7DE-40C2-9886-781B1C4E8D48}.Release|Any CPU.ActiveCfg = Release|Any CPU
		{D841BC01-B7DE-40C2-9886-781B1C4E8D48}.Release|Any CPU.Build.0 = Release|Any CPU
		{D841BC01-B7DE-40C2-9886-781B1C4E8D48}.Release|ARM.ActiveCfg = Release|Any CPU
		{D841BC01-B7DE-40C2-9886-781B1C4E8D48}.Release|iPhone.ActiveCfg = Release|Any CPU
		{D841BC01-B7DE-40C2-9886-781B1C4E8D48}.Release|iPhoneSimulator.ActiveCfg = Release|Any CPU
		{D841BC01-B7DE-40C2-9886-781B1C4E8D48}.Release|Mixed Platforms.ActiveCfg = Release|Any CPU
		{D841BC01-B7DE-40C2-9886-781B1C4E8D48}.Release|Mixed Platforms.Build.0 = Release|Any CPU
		{D841BC01-B7DE-40C2-9886-781B1C4E8D48}.Release|x86.ActiveCfg = Release|Any CPU
		{F9D09CAC-8EC5-4B3A-9C2E-E7E733225F55}.Ad-Hoc|Any CPU.ActiveCfg = Release|Any CPU
		{F9D09CAC-8EC5-4B3A-9C2E-E7E733225F55}.Ad-Hoc|Any CPU.Build.0 = Release|Any CPU
		{F9D09CAC-8EC5-4B3A-9C2E-E7E733225F55}.Ad-Hoc|ARM.ActiveCfg = Release|Any CPU
		{F9D09CAC-8EC5-4B3A-9C2E-E7E733225F55}.Ad-Hoc|iPhone.ActiveCfg = Release|Any CPU
		{F9D09CAC-8EC5-4B3A-9C2E-E7E733225F55}.Ad-Hoc|iPhoneSimulator.ActiveCfg = Release|Any CPU
		{F9D09CAC-8EC5-4B3A-9C2E-E7E733225F55}.Ad-Hoc|Mixed Platforms.ActiveCfg = Release|Any CPU
		{F9D09CAC-8EC5-4B3A-9C2E-E7E733225F55}.Ad-Hoc|Mixed Platforms.Build.0 = Release|Any CPU
		{F9D09CAC-8EC5-4B3A-9C2E-E7E733225F55}.Ad-Hoc|x86.ActiveCfg = Release|Any CPU
		{F9D09CAC-8EC5-4B3A-9C2E-E7E733225F55}.AppStore|Any CPU.ActiveCfg = Release|Any CPU
		{F9D09CAC-8EC5-4B3A-9C2E-E7E733225F55}.AppStore|Any CPU.Build.0 = Release|Any CPU
		{F9D09CAC-8EC5-4B3A-9C2E-E7E733225F55}.AppStore|ARM.ActiveCfg = Release|Any CPU
		{F9D09CAC-8EC5-4B3A-9C2E-E7E733225F55}.AppStore|iPhone.ActiveCfg = Release|Any CPU
		{F9D09CAC-8EC5-4B3A-9C2E-E7E733225F55}.AppStore|iPhoneSimulator.ActiveCfg = Release|Any CPU
		{F9D09CAC-8EC5-4B3A-9C2E-E7E733225F55}.AppStore|Mixed Platforms.ActiveCfg = Release|Any CPU
		{F9D09CAC-8EC5-4B3A-9C2E-E7E733225F55}.AppStore|Mixed Platforms.Build.0 = Release|Any CPU
		{F9D09CAC-8EC5-4B3A-9C2E-E7E733225F55}.AppStore|x86.ActiveCfg = Release|Any CPU
		{F9D09CAC-8EC5-4B3A-9C2E-E7E733225F55}.Debug|Any CPU.ActiveCfg = Debug|Any CPU
		{F9D09CAC-8EC5-4B3A-9C2E-E7E733225F55}.Debug|Any CPU.Build.0 = Debug|Any CPU
		{F9D09CAC-8EC5-4B3A-9C2E-E7E733225F55}.Debug|ARM.ActiveCfg = Debug|Any CPU
		{F9D09CAC-8EC5-4B3A-9C2E-E7E733225F55}.Debug|iPhone.ActiveCfg = Debug|Any CPU
		{F9D09CAC-8EC5-4B3A-9C2E-E7E733225F55}.Debug|iPhoneSimulator.ActiveCfg = Debug|Any CPU
		{F9D09CAC-8EC5-4B3A-9C2E-E7E733225F55}.Debug|Mixed Platforms.ActiveCfg = Debug|Any CPU
		{F9D09CAC-8EC5-4B3A-9C2E-E7E733225F55}.Debug|Mixed Platforms.Build.0 = Debug|Any CPU
		{F9D09CAC-8EC5-4B3A-9C2E-E7E733225F55}.Debug|x86.ActiveCfg = Debug|Any CPU
		{F9D09CAC-8EC5-4B3A-9C2E-E7E733225F55}.Release|Any CPU.ActiveCfg = Release|Any CPU
		{F9D09CAC-8EC5-4B3A-9C2E-E7E733225F55}.Release|Any CPU.Build.0 = Release|Any CPU
		{F9D09CAC-8EC5-4B3A-9C2E-E7E733225F55}.Release|ARM.ActiveCfg = Release|Any CPU
		{F9D09CAC-8EC5-4B3A-9C2E-E7E733225F55}.Release|iPhone.ActiveCfg = Release|Any CPU
		{F9D09CAC-8EC5-4B3A-9C2E-E7E733225F55}.Release|iPhoneSimulator.ActiveCfg = Release|Any CPU
		{F9D09CAC-8EC5-4B3A-9C2E-E7E733225F55}.Release|Mixed Platforms.ActiveCfg = Release|Any CPU
		{F9D09CAC-8EC5-4B3A-9C2E-E7E733225F55}.Release|Mixed Platforms.Build.0 = Release|Any CPU
		{F9D09CAC-8EC5-4B3A-9C2E-E7E733225F55}.Release|x86.ActiveCfg = Release|Any CPU
	EndGlobalSection
	GlobalSection(SolutionProperties) = preSolution
		HideSolutionNode = FALSE
	EndGlobalSection
EndGlobal
